// !$*UTF8*$!
{
	archiveVersion = 1;
	classes = {
	};
	objectVersion = 50;
	objects = {

/* Begin PBXBuildFile section */
		4F58B4FE61C76F0F54AC382A /* Pods_DukeQRCodeReader.framework in Frameworks */ = {isa = PBXBuildFile; fileRef = F10FE69552C555F336AF9D21 /* Pods_DukeQRCodeReader.framework */; };
		55DFDB39AEF6002E9A6D0B5B /* Pods_DukeQRCodeReaderTests.framework in Frameworks */ = {isa = PBXBuildFile; fileRef = A25CAE5C6260DFADBCDE4457 /* Pods_DukeQRCodeReaderTests.framework */; };
		C5D80ABFF3D5B02F6C3FE85C /* Pods_DukeQRCodeReaderUITests.framework in Frameworks */ = {isa = PBXBuildFile; fileRef = EA0DE467C151BB638042A8B9 /* Pods_DukeQRCodeReaderUITests.framework */; };
		C7151F2D22D2A8FD003A18AF /* DukeQRCodeReaderTests.swift in Sources */ = {isa = PBXBuildFile; fileRef = C7151F2C22D2A8FD003A18AF /* DukeQRCodeReaderTests.swift */; };
		C7151F3822D2A8FD003A18AF /* DukeQRCodeReaderUITests.swift in Sources */ = {isa = PBXBuildFile; fileRef = C7151F3722D2A8FD003A18AF /* DukeQRCodeReaderUITests.swift */; };
		C7151F4A22D2A939003A18AF /* QRCodeViewController.swift in Sources */ = {isa = PBXBuildFile; fileRef = C7151F4522D2A939003A18AF /* QRCodeViewController.swift */; };
		C7151F4B22D2A939003A18AF /* QRScannerController.swift in Sources */ = {isa = PBXBuildFile; fileRef = C7151F4622D2A939003A18AF /* QRScannerController.swift */; };
		C7151F4C22D2A939003A18AF /* Assets.xcassets in Resources */ = {isa = PBXBuildFile; fileRef = C7151F4722D2A939003A18AF /* Assets.xcassets */; };
		C7151F4E22D2A939003A18AF /* AppDelegate.swift in Sources */ = {isa = PBXBuildFile; fileRef = C7151F4922D2A939003A18AF /* AppDelegate.swift */; };
		C7151F5122D2A9C8003A18AF /* LaunchScreen.storyboard in Resources */ = {isa = PBXBuildFile; fileRef = C7151F4F22D2A9C8003A18AF /* LaunchScreen.storyboard */; };
		C7151F5322D2A9E3003A18AF /* Main.storyboard in Resources */ = {isa = PBXBuildFile; fileRef = C7151F5222D2A9E3003A18AF /* Main.storyboard */; };
/* End PBXBuildFile section */

/* Begin PBXContainerItemProxy section */
		C7151F2922D2A8FD003A18AF /* PBXContainerItemProxy */ = {
			isa = PBXContainerItemProxy;
			containerPortal = C7151F0C22D2A8FC003A18AF /* Project object */;
			proxyType = 1;
			remoteGlobalIDString = C7151F1322D2A8FC003A18AF;
			remoteInfo = DukeQRCodeReader;
		};
		C7151F3422D2A8FD003A18AF /* PBXContainerItemProxy */ = {
			isa = PBXContainerItemProxy;
			containerPortal = C7151F0C22D2A8FC003A18AF /* Project object */;
			proxyType = 1;
			remoteGlobalIDString = C7151F1322D2A8FC003A18AF;
			remoteInfo = DukeQRCodeReader;
		};
/* End PBXContainerItemProxy section */

/* Begin PBXFileReference section */
		0F925F491417467491CAE76D /* Pods-DukeQRCodeReaderTests.debug.xcconfig */ = {isa = PBXFileReference; includeInIndex = 1; lastKnownFileType = text.xcconfig; name = "Pods-DukeQRCodeReaderTests.debug.xcconfig"; path = "Target Support Files/Pods-DukeQRCodeReaderTests/Pods-DukeQRCodeReaderTests.debug.xcconfig"; sourceTree = "<group>"; };
		63D8C0D13D788CFB6CD5A255 /* Pods-DukeQRCodeReader.release.xcconfig */ = {isa = PBXFileReference; includeInIndex = 1; lastKnownFileType = text.xcconfig; name = "Pods-DukeQRCodeReader.release.xcconfig"; path = "Target Support Files/Pods-DukeQRCodeReader/Pods-DukeQRCodeReader.release.xcconfig"; sourceTree = "<group>"; };
		7F03DF1E7DFACA950490C20B /* Pods-DukeQRCodeReaderUITests.debug.xcconfig */ = {isa = PBXFileReference; includeInIndex = 1; lastKnownFileType = text.xcconfig; name = "Pods-DukeQRCodeReaderUITests.debug.xcconfig"; path = "Target Support Files/Pods-DukeQRCodeReaderUITests/Pods-DukeQRCodeReaderUITests.debug.xcconfig"; sourceTree = "<group>"; };
		A25CAE5C6260DFADBCDE4457 /* Pods_DukeQRCodeReaderTests.framework */ = {isa = PBXFileReference; explicitFileType = wrapper.framework; includeInIndex = 0; path = Pods_DukeQRCodeReaderTests.framework; sourceTree = BUILT_PRODUCTS_DIR; };
		C63FBB7CBD0CC76ACA6BC693 /* Pods-DukeQRCodeReader.debug.xcconfig */ = {isa = PBXFileReference; includeInIndex = 1; lastKnownFileType = text.xcconfig; name = "Pods-DukeQRCodeReader.debug.xcconfig"; path = "Target Support Files/Pods-DukeQRCodeReader/Pods-DukeQRCodeReader.debug.xcconfig"; sourceTree = "<group>"; };
		C7151F1422D2A8FC003A18AF /* DukeQRCodeReader.app */ = {isa = PBXFileReference; explicitFileType = wrapper.application; includeInIndex = 0; path = DukeQRCodeReader.app; sourceTree = BUILT_PRODUCTS_DIR; };
		C7151F2322D2A8FD003A18AF /* Info.plist */ = {isa = PBXFileReference; lastKnownFileType = text.plist.xml; path = Info.plist; sourceTree = "<group>"; };
		C7151F2822D2A8FD003A18AF /* DukeQRCodeReaderTests.xctest */ = {isa = PBXFileReference; explicitFileType = wrapper.cfbundle; includeInIndex = 0; path = DukeQRCodeReaderTests.xctest; sourceTree = BUILT_PRODUCTS_DIR; };
		C7151F2C22D2A8FD003A18AF /* DukeQRCodeReaderTests.swift */ = {isa = PBXFileReference; lastKnownFileType = sourcecode.swift; path = DukeQRCodeReaderTests.swift; sourceTree = "<group>"; };
		C7151F2E22D2A8FD003A18AF /* Info.plist */ = {isa = PBXFileReference; lastKnownFileType = text.plist.xml; path = Info.plist; sourceTree = "<group>"; };
		C7151F3322D2A8FD003A18AF /* DukeQRCodeReaderUITests.xctest */ = {isa = PBXFileReference; explicitFileType = wrapper.cfbundle; includeInIndex = 0; path = DukeQRCodeReaderUITests.xctest; sourceTree = BUILT_PRODUCTS_DIR; };
		C7151F3722D2A8FD003A18AF /* DukeQRCodeReaderUITests.swift */ = {isa = PBXFileReference; lastKnownFileType = sourcecode.swift; path = DukeQRCodeReaderUITests.swift; sourceTree = "<group>"; };
		C7151F3922D2A8FD003A18AF /* Info.plist */ = {isa = PBXFileReference; lastKnownFileType = text.plist.xml; path = Info.plist; sourceTree = "<group>"; };
		C7151F4522D2A939003A18AF /* QRCodeViewController.swift */ = {isa = PBXFileReference; fileEncoding = 4; lastKnownFileType = sourcecode.swift; name = QRCodeViewController.swift; path = ../../QRCodeReader/QRCodeViewController.swift; sourceTree = "<group>"; };
		C7151F4622D2A939003A18AF /* QRScannerController.swift */ = {isa = PBXFileReference; fileEncoding = 4; lastKnownFileType = sourcecode.swift; name = QRScannerController.swift; path = ../../QRCodeReader/QRScannerController.swift; sourceTree = "<group>"; };
		C7151F4722D2A939003A18AF /* Assets.xcassets */ = {isa = PBXFileReference; lastKnownFileType = folder.assetcatalog; name = Assets.xcassets; path = ../../QRCodeReader/Assets.xcassets; sourceTree = "<group>"; };
		C7151F4922D2A939003A18AF /* AppDelegate.swift */ = {isa = PBXFileReference; fileEncoding = 4; lastKnownFileType = sourcecode.swift; name = AppDelegate.swift; path = ../../QRCodeReader/AppDelegate.swift; sourceTree = "<group>"; };
		C7151F5022D2A9C8003A18AF /* Base */ = {isa = PBXFileReference; lastKnownFileType = file.storyboard; name = Base; path = "../../../../../Downloads/duke-event-attendance-app-finalWeek6-QRCodeReader/QRCodeReader/Base.lproj/LaunchScreen.storyboard"; sourceTree = "<group>"; };
		C7151F5222D2A9E3003A18AF /* Main.storyboard */ = {isa = PBXFileReference; fileEncoding = 4; lastKnownFileType = file.storyboard; path = Main.storyboard; sourceTree = "<group>"; };
		CA46942AD9E4A1E540614714 /* Pods-DukeQRCodeReaderTests.release.xcconfig */ = {isa = PBXFileReference; includeInIndex = 1; lastKnownFileType = text.xcconfig; name = "Pods-DukeQRCodeReaderTests.release.xcconfig"; path = "Target Support Files/Pods-DukeQRCodeReaderTests/Pods-DukeQRCodeReaderTests.release.xcconfig"; sourceTree = "<group>"; };
		E1AFC3B5947E9D7E454A6782 /* Pods-DukeQRCodeReaderUITests.release.xcconfig */ = {isa = PBXFileReference; includeInIndex = 1; lastKnownFileType = text.xcconfig; name = "Pods-DukeQRCodeReaderUITests.release.xcconfig"; path = "Target Support Files/Pods-DukeQRCodeReaderUITests/Pods-DukeQRCodeReaderUITests.release.xcconfig"; sourceTree = "<group>"; };
		EA0DE467C151BB638042A8B9 /* Pods_DukeQRCodeReaderUITests.framework */ = {isa = PBXFileReference; explicitFileType = wrapper.framework; includeInIndex = 0; path = Pods_DukeQRCodeReaderUITests.framework; sourceTree = BUILT_PRODUCTS_DIR; };
		F10FE69552C555F336AF9D21 /* Pods_DukeQRCodeReader.framework */ = {isa = PBXFileReference; explicitFileType = wrapper.framework; includeInIndex = 0; path = Pods_DukeQRCodeReader.framework; sourceTree = BUILT_PRODUCTS_DIR; };
/* End PBXFileReference section */

/* Begin PBXFrameworksBuildPhase section */
		C7151F1122D2A8FC003A18AF /* Frameworks */ = {
			isa = PBXFrameworksBuildPhase;
			buildActionMask = 2147483647;
			files = (
				4F58B4FE61C76F0F54AC382A /* Pods_DukeQRCodeReader.framework in Frameworks */,
			);
			runOnlyForDeploymentPostprocessing = 0;
		};
		C7151F2522D2A8FD003A18AF /* Frameworks */ = {
			isa = PBXFrameworksBuildPhase;
			buildActionMask = 2147483647;
			files = (
				55DFDB39AEF6002E9A6D0B5B /* Pods_DukeQRCodeReaderTests.framework in Frameworks */,
			);
			runOnlyForDeploymentPostprocessing = 0;
		};
		C7151F3022D2A8FD003A18AF /* Frameworks */ = {
			isa = PBXFrameworksBuildPhase;
			buildActionMask = 2147483647;
			files = (
				C5D80ABFF3D5B02F6C3FE85C /* Pods_DukeQRCodeReaderUITests.framework in Frameworks */,
			);
			runOnlyForDeploymentPostprocessing = 0;
		};
/* End PBXFrameworksBuildPhase section */

/* Begin PBXGroup section */
		2FB119C9718970C40676113A /* Frameworks */ = {
			isa = PBXGroup;
			children = (
				F10FE69552C555F336AF9D21 /* Pods_DukeQRCodeReader.framework */,
				A25CAE5C6260DFADBCDE4457 /* Pods_DukeQRCodeReaderTests.framework */,
				EA0DE467C151BB638042A8B9 /* Pods_DukeQRCodeReaderUITests.framework */,
			);
			name = Frameworks;
			sourceTree = "<group>";
		};
		C7151F0B22D2A8FC003A18AF = {
			isa = PBXGroup;
			children = (
				C7151F1622D2A8FC003A18AF /* DukeQRCodeReader */,
				C7151F2B22D2A8FD003A18AF /* DukeQRCodeReaderTests */,
				C7151F3622D2A8FD003A18AF /* DukeQRCodeReaderUITests */,
				C7151F1522D2A8FC003A18AF /* Products */,
				FEDAC9748551C3494D020C05 /* Pods */,
				2FB119C9718970C40676113A /* Frameworks */,
			);
			sourceTree = "<group>";
		};
		C7151F1522D2A8FC003A18AF /* Products */ = {
			isa = PBXGroup;
			children = (
				C7151F1422D2A8FC003A18AF /* DukeQRCodeReader.app */,
				C7151F2822D2A8FD003A18AF /* DukeQRCodeReaderTests.xctest */,
				C7151F3322D2A8FD003A18AF /* DukeQRCodeReaderUITests.xctest */,
			);
			name = Products;
			sourceTree = "<group>";
		};
		C7151F1622D2A8FC003A18AF /* DukeQRCodeReader */ = {
			isa = PBXGroup;
			children = (
				C7151F4922D2A939003A18AF /* AppDelegate.swift */,
				C7151F4722D2A939003A18AF /* Assets.xcassets */,
				C7151F5222D2A9E3003A18AF /* Main.storyboard */,
				C7151F4F22D2A9C8003A18AF /* LaunchScreen.storyboard */,
				C7151F4522D2A939003A18AF /* QRCodeViewController.swift */,
				C7151F4622D2A939003A18AF /* QRScannerController.swift */,
				C7151F2322D2A8FD003A18AF /* Info.plist */,
			);
			path = DukeQRCodeReader;
			sourceTree = "<group>";
		};
		C7151F2B22D2A8FD003A18AF /* DukeQRCodeReaderTests */ = {
			isa = PBXGroup;
			children = (
				C7151F2C22D2A8FD003A18AF /* DukeQRCodeReaderTests.swift */,
				C7151F2E22D2A8FD003A18AF /* Info.plist */,
			);
			path = DukeQRCodeReaderTests;
			sourceTree = "<group>";
		};
		C7151F3622D2A8FD003A18AF /* DukeQRCodeReaderUITests */ = {
			isa = PBXGroup;
			children = (
				C7151F3722D2A8FD003A18AF /* DukeQRCodeReaderUITests.swift */,
				C7151F3922D2A8FD003A18AF /* Info.plist */,
			);
			path = DukeQRCodeReaderUITests;
			sourceTree = "<group>";
		};
		FEDAC9748551C3494D020C05 /* Pods */ = {
			isa = PBXGroup;
			children = (
				C63FBB7CBD0CC76ACA6BC693 /* Pods-DukeQRCodeReader.debug.xcconfig */,
				63D8C0D13D788CFB6CD5A255 /* Pods-DukeQRCodeReader.release.xcconfig */,
				0F925F491417467491CAE76D /* Pods-DukeQRCodeReaderTests.debug.xcconfig */,
				CA46942AD9E4A1E540614714 /* Pods-DukeQRCodeReaderTests.release.xcconfig */,
				7F03DF1E7DFACA950490C20B /* Pods-DukeQRCodeReaderUITests.debug.xcconfig */,
				E1AFC3B5947E9D7E454A6782 /* Pods-DukeQRCodeReaderUITests.release.xcconfig */,
			);
			path = Pods;
			sourceTree = "<group>";
		};
/* End PBXGroup section */

/* Begin PBXNativeTarget section */
		C7151F1322D2A8FC003A18AF /* DukeQRCodeReader */ = {
			isa = PBXNativeTarget;
			buildConfigurationList = C7151F3C22D2A8FD003A18AF /* Build configuration list for PBXNativeTarget "DukeQRCodeReader" */;
			buildPhases = (
				8D11EA51C9D8C6C1F6E293FC /* [CP] Check Pods Manifest.lock */,
				C7151F1022D2A8FC003A18AF /* Sources */,
				C7151F1122D2A8FC003A18AF /* Frameworks */,
				C7151F1222D2A8FC003A18AF /* Resources */,
				C7F75A8522D2BAA4007974D9 /* GraphQL */,
			);
			buildRules = (
			);
			dependencies = (
			);
			name = DukeQRCodeReader;
			productName = DukeQRCodeReader;
			productReference = C7151F1422D2A8FC003A18AF /* DukeQRCodeReader.app */;
			productType = "com.apple.product-type.application";
		};
		C7151F2722D2A8FD003A18AF /* DukeQRCodeReaderTests */ = {
			isa = PBXNativeTarget;
			buildConfigurationList = C7151F3F22D2A8FD003A18AF /* Build configuration list for PBXNativeTarget "DukeQRCodeReaderTests" */;
			buildPhases = (
				20888DDD8B4009693110DD1C /* [CP] Check Pods Manifest.lock */,
				C7151F2422D2A8FD003A18AF /* Sources */,
				C7151F2522D2A8FD003A18AF /* Frameworks */,
				C7151F2622D2A8FD003A18AF /* Resources */,
			);
			buildRules = (
			);
			dependencies = (
				C7151F2A22D2A8FD003A18AF /* PBXTargetDependency */,
			);
			name = DukeQRCodeReaderTests;
			productName = DukeQRCodeReaderTests;
			productReference = C7151F2822D2A8FD003A18AF /* DukeQRCodeReaderTests.xctest */;
			productType = "com.apple.product-type.bundle.unit-test";
		};
		C7151F3222D2A8FD003A18AF /* DukeQRCodeReaderUITests */ = {
			isa = PBXNativeTarget;
			buildConfigurationList = C7151F4222D2A8FD003A18AF /* Build configuration list for PBXNativeTarget "DukeQRCodeReaderUITests" */;
			buildPhases = (
				2C79172A2A77470AEF07B7E5 /* [CP] Check Pods Manifest.lock */,
				C7151F2F22D2A8FD003A18AF /* Sources */,
				C7151F3022D2A8FD003A18AF /* Frameworks */,
				C7151F3122D2A8FD003A18AF /* Resources */,
			);
			buildRules = (
			);
			dependencies = (
				C7151F3522D2A8FD003A18AF /* PBXTargetDependency */,
			);
			name = DukeQRCodeReaderUITests;
			productName = DukeQRCodeReaderUITests;
			productReference = C7151F3322D2A8FD003A18AF /* DukeQRCodeReaderUITests.xctest */;
			productType = "com.apple.product-type.bundle.ui-testing";
		};
/* End PBXNativeTarget section */

/* Begin PBXProject section */
		C7151F0C22D2A8FC003A18AF /* Project object */ = {
			isa = PBXProject;
			attributes = {
				LastSwiftUpdateCheck = 1020;
				LastUpgradeCheck = 1020;
				ORGANIZATIONNAME = "Brian Li";
				TargetAttributes = {
					C7151F1322D2A8FC003A18AF = {
						CreatedOnToolsVersion = 10.2.1;
						LastSwiftMigration = 1020;
					};
					C7151F2722D2A8FD003A18AF = {
						CreatedOnToolsVersion = 10.2.1;
						TestTargetID = C7151F1322D2A8FC003A18AF;
					};
					C7151F3222D2A8FD003A18AF = {
						CreatedOnToolsVersion = 10.2.1;
						TestTargetID = C7151F1322D2A8FC003A18AF;
					};
				};
			};
			buildConfigurationList = C7151F0F22D2A8FC003A18AF /* Build configuration list for PBXProject "DukeQRCodeReader" */;
			compatibilityVersion = "Xcode 9.3";
			developmentRegion = en;
			hasScannedForEncodings = 0;
			knownRegions = (
				en,
				Base,
			);
			mainGroup = C7151F0B22D2A8FC003A18AF;
			productRefGroup = C7151F1522D2A8FC003A18AF /* Products */;
			projectDirPath = "";
			projectRoot = "";
			targets = (
				C7151F1322D2A8FC003A18AF /* DukeQRCodeReader */,
				C7151F2722D2A8FD003A18AF /* DukeQRCodeReaderTests */,
				C7151F3222D2A8FD003A18AF /* DukeQRCodeReaderUITests */,
			);
		};
/* End PBXProject section */

/* Begin PBXResourcesBuildPhase section */
		C7151F1222D2A8FC003A18AF /* Resources */ = {
			isa = PBXResourcesBuildPhase;
			buildActionMask = 2147483647;
			files = (
				C7151F5322D2A9E3003A18AF /* Main.storyboard in Resources */,
				C7151F4C22D2A939003A18AF /* Assets.xcassets in Resources */,
				C7151F5122D2A9C8003A18AF /* LaunchScreen.storyboard in Resources */,
			);
			runOnlyForDeploymentPostprocessing = 0;
		};
		C7151F2622D2A8FD003A18AF /* Resources */ = {
			isa = PBXResourcesBuildPhase;
			buildActionMask = 2147483647;
			files = (
			);
			runOnlyForDeploymentPostprocessing = 0;
		};
		C7151F3122D2A8FD003A18AF /* Resources */ = {
			isa = PBXResourcesBuildPhase;
			buildActionMask = 2147483647;
			files = (
			);
			runOnlyForDeploymentPostprocessing = 0;
		};
/* End PBXResourcesBuildPhase section */

/* Begin PBXShellScriptBuildPhase section */
		20888DDD8B4009693110DD1C /* [CP] Check Pods Manifest.lock */ = {
			isa = PBXShellScriptBuildPhase;
			buildActionMask = 2147483647;
			files = (
			);
			inputFileListPaths = (
			);
			inputPaths = (
				"${PODS_PODFILE_DIR_PATH}/Podfile.lock",
				"${PODS_ROOT}/Manifest.lock",
			);
			name = "[CP] Check Pods Manifest.lock";
			outputFileListPaths = (
			);
			outputPaths = (
				"$(DERIVED_FILE_DIR)/Pods-DukeQRCodeReaderTests-checkManifestLockResult.txt",
			);
			runOnlyForDeploymentPostprocessing = 0;
			shellPath = /bin/sh;
			shellScript = "diff \"${PODS_PODFILE_DIR_PATH}/Podfile.lock\" \"${PODS_ROOT}/Manifest.lock\" > /dev/null\nif [ $? != 0 ] ; then\n    # print error to STDERR\n    echo \"error: The sandbox is not in sync with the Podfile.lock. Run 'pod install' or update your CocoaPods installation.\" >&2\n    exit 1\nfi\n# This output is used by Xcode 'outputs' to avoid re-running this script phase.\necho \"SUCCESS\" > \"${SCRIPT_OUTPUT_FILE_0}\"\n";
			showEnvVarsInLog = 0;
		};
		2C79172A2A77470AEF07B7E5 /* [CP] Check Pods Manifest.lock */ = {
			isa = PBXShellScriptBuildPhase;
			buildActionMask = 2147483647;
			files = (
			);
			inputFileListPaths = (
			);
			inputPaths = (
				"${PODS_PODFILE_DIR_PATH}/Podfile.lock",
				"${PODS_ROOT}/Manifest.lock",
			);
			name = "[CP] Check Pods Manifest.lock";
			outputFileListPaths = (
			);
			outputPaths = (
				"$(DERIVED_FILE_DIR)/Pods-DukeQRCodeReaderUITests-checkManifestLockResult.txt",
			);
			runOnlyForDeploymentPostprocessing = 0;
			shellPath = /bin/sh;
			shellScript = "diff \"${PODS_PODFILE_DIR_PATH}/Podfile.lock\" \"${PODS_ROOT}/Manifest.lock\" > /dev/null\nif [ $? != 0 ] ; then\n    # print error to STDERR\n    echo \"error: The sandbox is not in sync with the Podfile.lock. Run 'pod install' or update your CocoaPods installation.\" >&2\n    exit 1\nfi\n# This output is used by Xcode 'outputs' to avoid re-running this script phase.\necho \"SUCCESS\" > \"${SCRIPT_OUTPUT_FILE_0}\"\n";
			showEnvVarsInLog = 0;
		};
		8D11EA51C9D8C6C1F6E293FC /* [CP] Check Pods Manifest.lock */ = {
			isa = PBXShellScriptBuildPhase;
			buildActionMask = 2147483647;
			files = (
			);
			inputFileListPaths = (
			);
			inputPaths = (
				"${PODS_PODFILE_DIR_PATH}/Podfile.lock",
				"${PODS_ROOT}/Manifest.lock",
			);
			name = "[CP] Check Pods Manifest.lock";
			outputFileListPaths = (
			);
			outputPaths = (
				"$(DERIVED_FILE_DIR)/Pods-DukeQRCodeReader-checkManifestLockResult.txt",
			);
			runOnlyForDeploymentPostprocessing = 0;
			shellPath = /bin/sh;
			shellScript = "diff \"${PODS_PODFILE_DIR_PATH}/Podfile.lock\" \"${PODS_ROOT}/Manifest.lock\" > /dev/null\nif [ $? != 0 ] ; then\n    # print error to STDERR\n    echo \"error: The sandbox is not in sync with the Podfile.lock. Run 'pod install' or update your CocoaPods installation.\" >&2\n    exit 1\nfi\n# This output is used by Xcode 'outputs' to avoid re-running this script phase.\necho \"SUCCESS\" > \"${SCRIPT_OUTPUT_FILE_0}\"\n";
			showEnvVarsInLog = 0;
		};
		C7F75A8522D2BAA4007974D9 /* GraphQL */ = {
			isa = PBXShellScriptBuildPhase;
			buildActionMask = 2147483647;
			files = (
			);
			inputFileListPaths = (
			);
			inputPaths = (
			);
			name = GraphQL;
			outputFileListPaths = (
			);
			outputPaths = (
			);
			runOnlyForDeploymentPostprocessing = 0;
			shellPath = /bin/sh;
			shellScript = "APOLLO_FRAMEWORK_PATH=\"$(eval find $FRAMEWORK_SEARCH_PATHS -name \"Apollo.framework\" -maxdepth 1)\"\n\nif [ -z \"$APOLLO_FRAMEWORK_PATH\" ]; then\necho \"error: Couldn't find Apollo.framework in FRAMEWORK_SEARCH_PATHS; make sure to add the framework to your project.\"\nexit 1\nfi\n\ncd \"${SRCROOT}/${TARGET_NAME}\"\n$APOLLO_FRAMEWORK_PATH/check-and-run-apollo-cli.sh codegen:generate --queries=\"$(find . -name '*.graphql')\" --schema=schema.json API.swift\n";
		};
/* End PBXShellScriptBuildPhase section */

/* Begin PBXSourcesBuildPhase section */
		C7151F1022D2A8FC003A18AF /* Sources */ = {
			isa = PBXSourcesBuildPhase;
			buildActionMask = 2147483647;
			files = (
				C7151F4E22D2A939003A18AF /* AppDelegate.swift in Sources */,
				C7151F4A22D2A939003A18AF /* QRCodeViewController.swift in Sources */,
				C7151F4B22D2A939003A18AF /* QRScannerController.swift in Sources */,
			);
			runOnlyForDeploymentPostprocessing = 0;
		};
		C7151F2422D2A8FD003A18AF /* Sources */ = {
			isa = PBXSourcesBuildPhase;
			buildActionMask = 2147483647;
			files = (
				C7151F2D22D2A8FD003A18AF /* DukeQRCodeReaderTests.swift in Sources */,
			);
			runOnlyForDeploymentPostprocessing = 0;
		};
		C7151F2F22D2A8FD003A18AF /* Sources */ = {
			isa = PBXSourcesBuildPhase;
			buildActionMask = 2147483647;
			files = (
				C7151F3822D2A8FD003A18AF /* DukeQRCodeReaderUITests.swift in Sources */,
			);
			runOnlyForDeploymentPostprocessing = 0;
		};
/* End PBXSourcesBuildPhase section */

/* Begin PBXTargetDependency section */
		C7151F2A22D2A8FD003A18AF /* PBXTargetDependency */ = {
			isa = PBXTargetDependency;
			target = C7151F1322D2A8FC003A18AF /* DukeQRCodeReader */;
			targetProxy = C7151F2922D2A8FD003A18AF /* PBXContainerItemProxy */;
		};
		C7151F3522D2A8FD003A18AF /* PBXTargetDependency */ = {
			isa = PBXTargetDependency;
			target = C7151F1322D2A8FC003A18AF /* DukeQRCodeReader */;
			targetProxy = C7151F3422D2A8FD003A18AF /* PBXContainerItemProxy */;
		};
/* End PBXTargetDependency section */

/* Begin PBXVariantGroup section */
		C7151F4F22D2A9C8003A18AF /* LaunchScreen.storyboard */ = {
			isa = PBXVariantGroup;
			children = (
				C7151F5022D2A9C8003A18AF /* Base */,
			);
			name = LaunchScreen.storyboard;
			sourceTree = "<group>";
		};
/* End PBXVariantGroup section */

/* Begin XCBuildConfiguration section */
		C7151F3A22D2A8FD003A18AF /* Debug */ = {
			isa = XCBuildConfiguration;
			buildSettings = {
				ALWAYS_SEARCH_USER_PATHS = NO;
				CLANG_ANALYZER_NONNULL = YES;
				CLANG_ANALYZER_NUMBER_OBJECT_CONVERSION = YES_AGGRESSIVE;
				CLANG_CXX_LANGUAGE_STANDARD = "gnu++14";
				CLANG_CXX_LIBRARY = "libc++";
				CLANG_ENABLE_MODULES = YES;
				CLANG_ENABLE_OBJC_ARC = YES;
				CLANG_ENABLE_OBJC_WEAK = YES;
				CLANG_WARN_BLOCK_CAPTURE_AUTORELEASING = YES;
				CLANG_WARN_BOOL_CONVERSION = YES;
				CLANG_WARN_COMMA = YES;
				CLANG_WARN_CONSTANT_CONVERSION = YES;
				CLANG_WARN_DEPRECATED_OBJC_IMPLEMENTATIONS = YES;
				CLANG_WARN_DIRECT_OBJC_ISA_USAGE = YES_ERROR;
				CLANG_WARN_DOCUMENTATION_COMMENTS = YES;
				CLANG_WARN_EMPTY_BODY = YES;
				CLANG_WARN_ENUM_CONVERSION = YES;
				CLANG_WARN_INFINITE_RECURSION = YES;
				CLANG_WARN_INT_CONVERSION = YES;
				CLANG_WARN_NON_LITERAL_NULL_CONVERSION = YES;
				CLANG_WARN_OBJC_IMPLICIT_RETAIN_SELF = YES;
				CLANG_WARN_OBJC_LITERAL_CONVERSION = YES;
				CLANG_WARN_OBJC_ROOT_CLASS = YES_ERROR;
				CLANG_WARN_RANGE_LOOP_ANALYSIS = YES;
				CLANG_WARN_STRICT_PROTOTYPES = YES;
				CLANG_WARN_SUSPICIOUS_MOVE = YES;
				CLANG_WARN_UNGUARDED_AVAILABILITY = YES_AGGRESSIVE;
				CLANG_WARN_UNREACHABLE_CODE = YES;
				CLANG_WARN__DUPLICATE_METHOD_MATCH = YES;
				CODE_SIGN_IDENTITY = "iPhone Developer";
				COPY_PHASE_STRIP = NO;
				DEBUG_INFORMATION_FORMAT = dwarf;
				ENABLE_STRICT_OBJC_MSGSEND = YES;
				ENABLE_TESTABILITY = YES;
				GCC_C_LANGUAGE_STANDARD = gnu11;
				GCC_DYNAMIC_NO_PIC = NO;
				GCC_NO_COMMON_BLOCKS = YES;
				GCC_OPTIMIZATION_LEVEL = 0;
				GCC_PREPROCESSOR_DEFINITIONS = (
					"DEBUG=1",
					"$(inherited)",
				);
				GCC_WARN_64_TO_32_BIT_CONVERSION = YES;
				GCC_WARN_ABOUT_RETURN_TYPE = YES_ERROR;
				GCC_WARN_UNDECLARED_SELECTOR = YES;
				GCC_WARN_UNINITIALIZED_AUTOS = YES_AGGRESSIVE;
				GCC_WARN_UNUSED_FUNCTION = YES;
				GCC_WARN_UNUSED_VARIABLE = YES;
				IPHONEOS_DEPLOYMENT_TARGET = 12.2;
				MTL_ENABLE_DEBUG_INFO = INCLUDE_SOURCE;
				MTL_FAST_MATH = YES;
				ONLY_ACTIVE_ARCH = YES;
				SDKROOT = iphoneos;
				SWIFT_ACTIVE_COMPILATION_CONDITIONS = DEBUG;
				SWIFT_OPTIMIZATION_LEVEL = "-Onone";
			};
			name = Debug;
		};
		C7151F3B22D2A8FD003A18AF /* Release */ = {
			isa = XCBuildConfiguration;
			buildSettings = {
				ALWAYS_SEARCH_USER_PATHS = NO;
				CLANG_ANALYZER_NONNULL = YES;
				CLANG_ANALYZER_NUMBER_OBJECT_CONVERSION = YES_AGGRESSIVE;
				CLANG_CXX_LANGUAGE_STANDARD = "gnu++14";
				CLANG_CXX_LIBRARY = "libc++";
				CLANG_ENABLE_MODULES = YES;
				CLANG_ENABLE_OBJC_ARC = YES;
				CLANG_ENABLE_OBJC_WEAK = YES;
				CLANG_WARN_BLOCK_CAPTURE_AUTORELEASING = YES;
				CLANG_WARN_BOOL_CONVERSION = YES;
				CLANG_WARN_COMMA = YES;
				CLANG_WARN_CONSTANT_CONVERSION = YES;
				CLANG_WARN_DEPRECATED_OBJC_IMPLEMENTATIONS = YES;
				CLANG_WARN_DIRECT_OBJC_ISA_USAGE = YES_ERROR;
				CLANG_WARN_DOCUMENTATION_COMMENTS = YES;
				CLANG_WARN_EMPTY_BODY = YES;
				CLANG_WARN_ENUM_CONVERSION = YES;
				CLANG_WARN_INFINITE_RECURSION = YES;
				CLANG_WARN_INT_CONVERSION = YES;
				CLANG_WARN_NON_LITERAL_NULL_CONVERSION = YES;
				CLANG_WARN_OBJC_IMPLICIT_RETAIN_SELF = YES;
				CLANG_WARN_OBJC_LITERAL_CONVERSION = YES;
				CLANG_WARN_OBJC_ROOT_CLASS = YES_ERROR;
				CLANG_WARN_RANGE_LOOP_ANALYSIS = YES;
				CLANG_WARN_STRICT_PROTOTYPES = YES;
				CLANG_WARN_SUSPICIOUS_MOVE = YES;
				CLANG_WARN_UNGUARDED_AVAILABILITY = YES_AGGRESSIVE;
				CLANG_WARN_UNREACHABLE_CODE = YES;
				CLANG_WARN__DUPLICATE_METHOD_MATCH = YES;
				CODE_SIGN_IDENTITY = "iPhone Developer";
				COPY_PHASE_STRIP = NO;
				DEBUG_INFORMATION_FORMAT = "dwarf-with-dsym";
				ENABLE_NS_ASSERTIONS = NO;
				ENABLE_STRICT_OBJC_MSGSEND = YES;
				GCC_C_LANGUAGE_STANDARD = gnu11;
				GCC_NO_COMMON_BLOCKS = YES;
				GCC_WARN_64_TO_32_BIT_CONVERSION = YES;
				GCC_WARN_ABOUT_RETURN_TYPE = YES_ERROR;
				GCC_WARN_UNDECLARED_SELECTOR = YES;
				GCC_WARN_UNINITIALIZED_AUTOS = YES_AGGRESSIVE;
				GCC_WARN_UNUSED_FUNCTION = YES;
				GCC_WARN_UNUSED_VARIABLE = YES;
				IPHONEOS_DEPLOYMENT_TARGET = 12.2;
				MTL_ENABLE_DEBUG_INFO = NO;
				MTL_FAST_MATH = YES;
				SDKROOT = iphoneos;
				SWIFT_COMPILATION_MODE = wholemodule;
				SWIFT_OPTIMIZATION_LEVEL = "-O";
				VALIDATE_PRODUCT = YES;
			};
			name = Release;
		};
		C7151F3D22D2A8FD003A18AF /* Debug */ = {
			isa = XCBuildConfiguration;
			baseConfigurationReference = C63FBB7CBD0CC76ACA6BC693 /* Pods-DukeQRCodeReader.debug.xcconfig */;
			buildSettings = {
				ASSETCATALOG_COMPILER_APPICON_NAME = AppIcon;
				CLANG_ENABLE_MODULES = YES;
				CODE_SIGN_STYLE = Automatic;
				INFOPLIST_FILE = DukeQRCodeReader/Info.plist;
				LD_RUNPATH_SEARCH_PATHS = (
					"$(inherited)",
					"@executable_path/Frameworks",
				);
				PRODUCT_BUNDLE_IDENTIFIER = "Code-.DukeQRCodeReader";
				PRODUCT_NAME = "$(TARGET_NAME)";
				SWIFT_OPTIMIZATION_LEVEL = "-Onone";
				SWIFT_VERSION = 5.0;
				TARGETED_DEVICE_FAMILY = "1,2";
			};
			name = Debug;
		};
		C7151F3E22D2A8FD003A18AF /* Release */ = {
			isa = XCBuildConfiguration;
			baseConfigurationReference = 63D8C0D13D788CFB6CD5A255 /* Pods-DukeQRCodeReader.release.xcconfig */;
			buildSettings = {
				ASSETCATALOG_COMPILER_APPICON_NAME = AppIcon;
				CLANG_ENABLE_MODULES = YES;
				CODE_SIGN_STYLE = Automatic;
				INFOPLIST_FILE = DukeQRCodeReader/Info.plist;
				LD_RUNPATH_SEARCH_PATHS = (
					"$(inherited)",
					"@executable_path/Frameworks",
				);
				PRODUCT_BUNDLE_IDENTIFIER = "Code-.DukeQRCodeReader";
				PRODUCT_NAME = "$(TARGET_NAME)";
				SWIFT_VERSION = 5.0;
				TARGETED_DEVICE_FAMILY = "1,2";
			};
			name = Release;
		};
		C7151F4022D2A8FD003A18AF /* Debug */ = {
			isa = XCBuildConfiguration;
			baseConfigurationReference = 0F925F491417467491CAE76D /* Pods-DukeQRCodeReaderTests.debug.xcconfig */;
			buildSettings = {
				ALWAYS_EMBED_SWIFT_STANDARD_LIBRARIES = YES;
				BUNDLE_LOADER = "$(TEST_HOST)";
				CODE_SIGN_STYLE = Automatic;
				INFOPLIST_FILE = DukeQRCodeReaderTests/Info.plist;
				LD_RUNPATH_SEARCH_PATHS = (
					"$(inherited)",
					"@executable_path/Frameworks",
					"@loader_path/Frameworks",
				);
				PRODUCT_BUNDLE_IDENTIFIER = "Code-.DukeQRCodeReaderTests";
				PRODUCT_NAME = "$(TARGET_NAME)";
				SWIFT_VERSION = 5.0;
				TARGETED_DEVICE_FAMILY = "1,2";
				TEST_HOST = "$(BUILT_PRODUCTS_DIR)/DukeQRCodeReader.app/DukeQRCodeReader";
			};
			name = Debug;
		};
		C7151F4122D2A8FD003A18AF /* Release */ = {
			isa = XCBuildConfiguration;
			baseConfigurationReference = CA46942AD9E4A1E540614714 /* Pods-DukeQRCodeReaderTests.release.xcconfig */;
			buildSettings = {
				ALWAYS_EMBED_SWIFT_STANDARD_LIBRARIES = YES;
				BUNDLE_LOADER = "$(TEST_HOST)";
				CODE_SIGN_STYLE = Automatic;
				INFOPLIST_FILE = DukeQRCodeReaderTests/Info.plist;
				LD_RUNPATH_SEARCH_PATHS = (
					"$(inherited)",
					"@executable_path/Frameworks",
					"@loader_path/Frameworks",
				);
				PRODUCT_BUNDLE_IDENTIFIER = "Code-.DukeQRCodeReaderTests";
				PRODUCT_NAME = "$(TARGET_NAME)";
				SWIFT_VERSION = 5.0;
				TARGETED_DEVICE_FAMILY = "1,2";
				TEST_HOST = "$(BUILT_PRODUCTS_DIR)/DukeQRCodeReader.app/DukeQRCodeReader";
			};
			name = Release;
		};
		C7151F4322D2A8FD003A18AF /* Debug */ = {
			isa = XCBuildConfiguration;
			baseConfigurationReference = 7F03DF1E7DFACA950490C20B /* Pods-DukeQRCodeReaderUITests.debug.xcconfig */;
			buildSettings = {
				ALWAYS_EMBED_SWIFT_STANDARD_LIBRARIES = YES;
				CODE_SIGN_STYLE = Automatic;
				INFOPLIST_FILE = DukeQRCodeReaderUITests/Info.plist;
				LD_RUNPATH_SEARCH_PATHS = (
					"$(inherited)",
					"@executable_path/Frameworks",
					"@loader_path/Frameworks",
				);
				PRODUCT_BUNDLE_IDENTIFIER = "Code-.DukeQRCodeReaderUITests";
				PRODUCT_NAME = "$(TARGET_NAME)";
				SWIFT_VERSION = 5.0;
				TARGETED_DEVICE_FAMILY = "1,2";
				TEST_TARGET_NAME = DukeQRCodeReader;
			};
			name = Debug;
		};
		C7151F4422D2A8FD003A18AF /* Release */ = {
			isa = XCBuildConfiguration;
			baseConfigurationReference = E1AFC3B5947E9D7E454A6782 /* Pods-DukeQRCodeReaderUITests.release.xcconfig */;
			buildSettings = {
				ALWAYS_EMBED_SWIFT_STANDARD_LIBRARIES = YES;
				CODE_SIGN_STYLE = Automatic;
				INFOPLIST_FILE = DukeQRCodeReaderUITests/Info.plist;
				LD_RUNPATH_SEARCH_PATHS = (
					"$(inherited)",
					"@executable_path/Frameworks",
					"@loader_path/Frameworks",
				);
				PRODUCT_BUNDLE_IDENTIFIER = "Code-.DukeQRCodeReaderUITests";
				PRODUCT_NAME = "$(TARGET_NAME)";
				SWIFT_VERSION = 5.0;
				TARGETED_DEVICE_FAMILY = "1,2";
				TEST_TARGET_NAME = DukeQRCodeReader;
			};
			name = Release;
		};
/* End XCBuildConfiguration section */

/* Begin XCConfigurationList section */
		C7151F0F22D2A8FC003A18AF /* Build configuration list for PBXProject "DukeQRCodeReader" */ = {
			isa = XCConfigurationList;
			buildConfigurations = (
				C7151F3A22D2A8FD003A18AF /* Debug */,
				C7151F3B22D2A8FD003A18AF /* Release */,
			);
			defaultConfigurationIsVisible = 0;
			defaultConfigurationName = Release;
		};
		C7151F3C22D2A8FD003A18AF /* Build configuration list for PBXNativeTarget "DukeQRCodeReader" */ = {
			isa = XCConfigurationList;
			buildConfigurations = (
				C7151F3D22D2A8FD003A18AF /* Debug */,
				C7151F3E22D2A8FD003A18AF /* Release */,
			);
			defaultConfigurationIsVisible = 0;
			defaultConfigurationName = Release;
		};
		C7151F3F22D2A8FD003A18AF /* Build configuration list for PBXNativeTarget "DukeQRCodeReaderTests" */ = {
			isa = XCConfigurationList;
			buildConfigurations = (
				C7151F4022D2A8FD003A18AF /* Debug */,
				C7151F4122D2A8FD003A18AF /* Release */,
			);
			defaultConfigurationIsVisible = 0;
			defaultConfigurationName = Release;
		};
		C7151F4222D2A8FD003A18AF /* Build configuration list for PBXNativeTarget "DukeQRCodeReaderUITests" */ = {
			isa = XCConfigurationList;
			buildConfigurations = (
				C7151F4322D2A8FD003A18AF /* Debug */,
				C7151F4422D2A8FD003A18AF /* Release */,
			);
			defaultConfigurationIsVisible = 0;
			defaultConfigurationName = Release;
		};
/* End XCConfigurationList section */
	};
	rootObject = C7151F0C22D2A8FC003A18AF /* Project object */;
}
