// !$*UTF8*$!
{
	archiveVersion = 1;
	classes = {
	};
	objectVersion = 50;
	objects = {

/* Begin PBXBuildFile section */
		07193E7022A9A300000F5A2C /* AppDelegate.swift in Sources */ = {isa = PBXBuildFile; fileRef = 07193E6F22A9A300000F5A2C /* AppDelegate.swift */; };
		07193E7222A9A300000F5A2C /* ViewController.swift in Sources */ = {isa = PBXBuildFile; fileRef = 07193E7122A9A300000F5A2C /* ViewController.swift */; };
		07193E7522A9A300000F5A2C /* Main.storyboard in Resources */ = {isa = PBXBuildFile; fileRef = 07193E7322A9A300000F5A2C /* Main.storyboard */; };
		07193E7722A9A301000F5A2C /* Assets.xcassets in Resources */ = {isa = PBXBuildFile; fileRef = 07193E7622A9A301000F5A2C /* Assets.xcassets */; };
		07193E7A22A9A301000F5A2C /* LaunchScreen.storyboard in Resources */ = {isa = PBXBuildFile; fileRef = 07193E7822A9A301000F5A2C /* LaunchScreen.storyboard */; };
		07193E8522A9A301000F5A2C /* DukeEventAttendanceAppTests.swift in Sources */ = {isa = PBXBuildFile; fileRef = 07193E8422A9A301000F5A2C /* DukeEventAttendanceAppTests.swift */; };
		07193E9022A9A301000F5A2C /* DukeEventAttendanceAppUITests.swift in Sources */ = {isa = PBXBuildFile; fileRef = 07193E8F22A9A301000F5A2C /* DukeEventAttendanceAppUITests.swift */; };
		07193E9E22A9AB27000F5A2C /* EventTableViewController.swift in Sources */ = {isa = PBXBuildFile; fileRef = 07193E9D22A9AB27000F5A2C /* EventTableViewController.swift */; };
		07193EA022A9AB4B000F5A2C /* Event.swift in Sources */ = {isa = PBXBuildFile; fileRef = 07193E9F22A9AB4B000F5A2C /* Event.swift */; };
		07193EA222A9ABA5000F5A2C /* EventTableViewCell.swift in Sources */ = {isa = PBXBuildFile; fileRef = 07193EA122A9ABA5000F5A2C /* EventTableViewCell.swift */; };
		07193EA422A9ABCD000F5A2C /* NetworkManager.swift in Sources */ = {isa = PBXBuildFile; fileRef = 07193EA322A9ABCD000F5A2C /* NetworkManager.swift */; };
/* End PBXBuildFile section */

/* Begin PBXContainerItemProxy section */
		07193E8122A9A301000F5A2C /* PBXContainerItemProxy */ = {
			isa = PBXContainerItemProxy;
			containerPortal = 07193E6422A9A300000F5A2C /* Project object */;
			proxyType = 1;
			remoteGlobalIDString = 07193E6B22A9A300000F5A2C;
			remoteInfo = DukeEventAttendanceApp;
		};
		07193E8C22A9A301000F5A2C /* PBXContainerItemProxy */ = {
			isa = PBXContainerItemProxy;
			containerPortal = 07193E6422A9A300000F5A2C /* Project object */;
			proxyType = 1;
			remoteGlobalIDString = 07193E6B22A9A300000F5A2C;
			remoteInfo = DukeEventAttendanceApp;
		};
/* End PBXContainerItemProxy section */

/* Begin PBXFileReference section */
		07193E6C22A9A300000F5A2C /* DukeEventAttendanceApp.app */ = {isa = PBXFileReference; explicitFileType = wrapper.application; includeInIndex = 0; path = DukeEventAttendanceApp.app; sourceTree = BUILT_PRODUCTS_DIR; };
		07193E6F22A9A300000F5A2C /* AppDelegate.swift */ = {isa = PBXFileReference; lastKnownFileType = sourcecode.swift; path = AppDelegate.swift; sourceTree = "<group>"; };
		07193E7122A9A300000F5A2C /* ViewController.swift */ = {isa = PBXFileReference; lastKnownFileType = sourcecode.swift; path = ViewController.swift; sourceTree = "<group>"; };
		07193E7422A9A300000F5A2C /* Base */ = {isa = PBXFileReference; lastKnownFileType = file.storyboard; name = Base; path = Base.lproj/Main.storyboard; sourceTree = "<group>"; };
		07193E7622A9A301000F5A2C /* Assets.xcassets */ = {isa = PBXFileReference; lastKnownFileType = folder.assetcatalog; path = Assets.xcassets; sourceTree = "<group>"; };
		07193E7922A9A301000F5A2C /* Base */ = {isa = PBXFileReference; lastKnownFileType = file.storyboard; name = Base; path = Base.lproj/LaunchScreen.storyboard; sourceTree = "<group>"; };
		07193E7B22A9A301000F5A2C /* Info.plist */ = {isa = PBXFileReference; lastKnownFileType = text.plist.xml; path = Info.plist; sourceTree = "<group>"; };
		07193E8022A9A301000F5A2C /* DukeEventAttendanceAppTests.xctest */ = {isa = PBXFileReference; explicitFileType = wrapper.cfbundle; includeInIndex = 0; path = DukeEventAttendanceAppTests.xctest; sourceTree = BUILT_PRODUCTS_DIR; };
		07193E8422A9A301000F5A2C /* DukeEventAttendanceAppTests.swift */ = {isa = PBXFileReference; lastKnownFileType = sourcecode.swift; path = DukeEventAttendanceAppTests.swift; sourceTree = "<group>"; };
		07193E8622A9A301000F5A2C /* Info.plist */ = {isa = PBXFileReference; lastKnownFileType = text.plist.xml; path = Info.plist; sourceTree = "<group>"; };
		07193E8B22A9A301000F5A2C /* DukeEventAttendanceAppUITests.xctest */ = {isa = PBXFileReference; explicitFileType = wrapper.cfbundle; includeInIndex = 0; path = DukeEventAttendanceAppUITests.xctest; sourceTree = BUILT_PRODUCTS_DIR; };
		07193E8F22A9A301000F5A2C /* DukeEventAttendanceAppUITests.swift */ = {isa = PBXFileReference; lastKnownFileType = sourcecode.swift; path = DukeEventAttendanceAppUITests.swift; sourceTree = "<group>"; };
		07193E9122A9A301000F5A2C /* Info.plist */ = {isa = PBXFileReference; lastKnownFileType = text.plist.xml; path = Info.plist; sourceTree = "<group>"; };
		07193E9D22A9AB27000F5A2C /* EventTableViewController.swift */ = {isa = PBXFileReference; lastKnownFileType = sourcecode.swift; path = EventTableViewController.swift; sourceTree = "<group>"; };
		07193E9F22A9AB4B000F5A2C /* Event.swift */ = {isa = PBXFileReference; lastKnownFileType = sourcecode.swift; path = Event.swift; sourceTree = "<group>"; };
		07193EA122A9ABA5000F5A2C /* EventTableViewCell.swift */ = {isa = PBXFileReference; lastKnownFileType = sourcecode.swift; path = EventTableViewCell.swift; sourceTree = "<group>"; };
		07193EA322A9ABCD000F5A2C /* NetworkManager.swift */ = {isa = PBXFileReference; lastKnownFileType = sourcecode.swift; path = NetworkManager.swift; sourceTree = "<group>"; };
/* End PBXFileReference section */

/* Begin PBXFrameworksBuildPhase section */
		07193E6922A9A300000F5A2C /* Frameworks */ = {
			isa = PBXFrameworksBuildPhase;
			buildActionMask = 2147483647;
			files = (
			);
			runOnlyForDeploymentPostprocessing = 0;
		};
		07193E7D22A9A301000F5A2C /* Frameworks */ = {
			isa = PBXFrameworksBuildPhase;
			buildActionMask = 2147483647;
			files = (
			);
			runOnlyForDeploymentPostprocessing = 0;
		};
		07193E8822A9A301000F5A2C /* Frameworks */ = {
			isa = PBXFrameworksBuildPhase;
			buildActionMask = 2147483647;
			files = (
			);
			runOnlyForDeploymentPostprocessing = 0;
		};
/* End PBXFrameworksBuildPhase section */

/* Begin PBXGroup section */
		07193E6322A9A300000F5A2C = {
			isa = PBXGroup;
			children = (
				07193E6E22A9A300000F5A2C /* DukeEventAttendanceApp */,
				07193E8322A9A301000F5A2C /* DukeEventAttendanceAppTests */,
				07193E8E22A9A301000F5A2C /* DukeEventAttendanceAppUITests */,
				07193E6D22A9A300000F5A2C /* Products */,
			);
			sourceTree = "<group>";
		};
		07193E6D22A9A300000F5A2C /* Products */ = {
			isa = PBXGroup;
			children = (
				07193E6C22A9A300000F5A2C /* DukeEventAttendanceApp.app */,
				07193E8022A9A301000F5A2C /* DukeEventAttendanceAppTests.xctest */,
				07193E8B22A9A301000F5A2C /* DukeEventAttendanceAppUITests.xctest */,
			);
			name = Products;
			sourceTree = "<group>";
		};
		07193E6E22A9A300000F5A2C /* DukeEventAttendanceApp */ = {
			isa = PBXGroup;
			children = (
				07193E6F22A9A300000F5A2C /* AppDelegate.swift */,
				07193EA322A9ABCD000F5A2C /* NetworkManager.swift */,
				07193E7122A9A300000F5A2C /* ViewController.swift */,
				07193EA122A9ABA5000F5A2C /* EventTableViewCell.swift */,
				07193E9D22A9AB27000F5A2C /* EventTableViewController.swift */,
				07193E9F22A9AB4B000F5A2C /* Event.swift */,
				07193E7322A9A300000F5A2C /* Main.storyboard */,
				07193E7622A9A301000F5A2C /* Assets.xcassets */,
				07193E7822A9A301000F5A2C /* LaunchScreen.storyboard */,
				07193E7B22A9A301000F5A2C /* Info.plist */,
			);
			path = DukeEventAttendanceApp;
			sourceTree = "<group>";
		};
		07193E8322A9A301000F5A2C /* DukeEventAttendanceAppTests */ = {
			isa = PBXGroup;
			children = (
				07193E8422A9A301000F5A2C /* DukeEventAttendanceAppTests.swift */,
				07193E8622A9A301000F5A2C /* Info.plist */,
			);
			path = DukeEventAttendanceAppTests;
			sourceTree = "<group>";
		};
		07193E8E22A9A301000F5A2C /* DukeEventAttendanceAppUITests */ = {
			isa = PBXGroup;
			children = (
				07193E8F22A9A301000F5A2C /* DukeEventAttendanceAppUITests.swift */,
				07193E9122A9A301000F5A2C /* Info.plist */,
			);
			path = DukeEventAttendanceAppUITests;
			sourceTree = "<group>";
		};
/* End PBXGroup section */

/* Begin PBXNativeTarget section */
		07193E6B22A9A300000F5A2C /* DukeEventAttendanceApp */ = {
			isa = PBXNativeTarget;
			buildConfigurationList = 07193E9422A9A301000F5A2C /* Build configuration list for PBXNativeTarget "DukeEventAttendanceApp" */;
			buildPhases = (
				07193E6822A9A300000F5A2C /* Sources */,
				07193E6922A9A300000F5A2C /* Frameworks */,
				07193E6A22A9A300000F5A2C /* Resources */,
			);
			buildRules = (
			);
			dependencies = (
			);
			name = DukeEventAttendanceApp;
			productName = DukeEventAttendanceApp;
			productReference = 07193E6C22A9A300000F5A2C /* DukeEventAttendanceApp.app */;
			productType = "com.apple.product-type.application";
		};
		07193E7F22A9A301000F5A2C /* DukeEventAttendanceAppTests */ = {
			isa = PBXNativeTarget;
			buildConfigurationList = 07193E9722A9A301000F5A2C /* Build configuration list for PBXNativeTarget "DukeEventAttendanceAppTests" */;
			buildPhases = (
				07193E7C22A9A301000F5A2C /* Sources */,
				07193E7D22A9A301000F5A2C /* Frameworks */,
				07193E7E22A9A301000F5A2C /* Resources */,
			);
			buildRules = (
			);
			dependencies = (
				07193E8222A9A301000F5A2C /* PBXTargetDependency */,
			);
			name = DukeEventAttendanceAppTests;
			productName = DukeEventAttendanceAppTests;
			productReference = 07193E8022A9A301000F5A2C /* DukeEventAttendanceAppTests.xctest */;
			productType = "com.apple.product-type.bundle.unit-test";
		};
		07193E8A22A9A301000F5A2C /* DukeEventAttendanceAppUITests */ = {
			isa = PBXNativeTarget;
			buildConfigurationList = 07193E9A22A9A301000F5A2C /* Build configuration list for PBXNativeTarget "DukeEventAttendanceAppUITests" */;
			buildPhases = (
				07193E8722A9A301000F5A2C /* Sources */,
				07193E8822A9A301000F5A2C /* Frameworks */,
				07193E8922A9A301000F5A2C /* Resources */,
			);
			buildRules = (
			);
			dependencies = (
				07193E8D22A9A301000F5A2C /* PBXTargetDependency */,
			);
			name = DukeEventAttendanceAppUITests;
			productName = DukeEventAttendanceAppUITests;
			productReference = 07193E8B22A9A301000F5A2C /* DukeEventAttendanceAppUITests.xctest */;
			productType = "com.apple.product-type.bundle.ui-testing";
		};
/* End PBXNativeTarget section */

/* Begin PBXProject section */
		07193E6422A9A300000F5A2C /* Project object */ = {
			isa = PBXProject;
			attributes = {
				LastSwiftUpdateCheck = 1020;
				LastUpgradeCheck = 1020;
				ORGANIZATIONNAME = "Duke OIT";
				TargetAttributes = {
					07193E6B22A9A300000F5A2C = {
						CreatedOnToolsVersion = 10.2.1;
					};
					07193E7F22A9A301000F5A2C = {
						CreatedOnToolsVersion = 10.2.1;
						TestTargetID = 07193E6B22A9A300000F5A2C;
					};
					07193E8A22A9A301000F5A2C = {
						CreatedOnToolsVersion = 10.2.1;
						TestTargetID = 07193E6B22A9A300000F5A2C;
					};
				};
			};
			buildConfigurationList = 07193E6722A9A300000F5A2C /* Build configuration list for PBXProject "DukeEventAttendanceApp" */;
			compatibilityVersion = "Xcode 9.3";
			developmentRegion = en;
			hasScannedForEncodings = 0;
			knownRegions = (
				en,
				Base,
			);
			mainGroup = 07193E6322A9A300000F5A2C;
			productRefGroup = 07193E6D22A9A300000F5A2C /* Products */;
			projectDirPath = "";
			projectRoot = "";
			targets = (
				07193E6B22A9A300000F5A2C /* DukeEventAttendanceApp */,
				07193E7F22A9A301000F5A2C /* DukeEventAttendanceAppTests */,
				07193E8A22A9A301000F5A2C /* DukeEventAttendanceAppUITests */,
			);
		};
/* End PBXProject section */

/* Begin PBXResourcesBuildPhase section */
		07193E6A22A9A300000F5A2C /* Resources */ = {
			isa = PBXResourcesBuildPhase;
			buildActionMask = 2147483647;
			files = (
				07193E7A22A9A301000F5A2C /* LaunchScreen.storyboard in Resources */,
				07193E7722A9A301000F5A2C /* Assets.xcassets in Resources */,
				07193E7522A9A300000F5A2C /* Main.storyboard in Resources */,
			);
			runOnlyForDeploymentPostprocessing = 0;
		};
		07193E7E22A9A301000F5A2C /* Resources */ = {
			isa = PBXResourcesBuildPhase;
			buildActionMask = 2147483647;
			files = (
			);
			runOnlyForDeploymentPostprocessing = 0;
		};
		07193E8922A9A301000F5A2C /* Resources */ = {
			isa = PBXResourcesBuildPhase;
			buildActionMask = 2147483647;
			files = (
			);
			runOnlyForDeploymentPostprocessing = 0;
		};
/* End PBXResourcesBuildPhase section */

/* Begin PBXSourcesBuildPhase section */
		07193E6822A9A300000F5A2C /* Sources */ = {
			isa = PBXSourcesBuildPhase;
			buildActionMask = 2147483647;
			files = (
				07193EA422A9ABCD000F5A2C /* NetworkManager.swift in Sources */,
				07193EA022A9AB4B000F5A2C /* Event.swift in Sources */,
				07193E7222A9A300000F5A2C /* ViewController.swift in Sources */,
				07193E9E22A9AB27000F5A2C /* EventTableViewController.swift in Sources */,
				07193EA222A9ABA5000F5A2C /* EventTableViewCell.swift in Sources */,
				07193E7022A9A300000F5A2C /* AppDelegate.swift in Sources */,
			);
			runOnlyForDeploymentPostprocessing = 0;
		};
		07193E7C22A9A301000F5A2C /* Sources */ = {
			isa = PBXSourcesBuildPhase;
			buildActionMask = 2147483647;
			files = (
				07193E8522A9A301000F5A2C /* DukeEventAttendanceAppTests.swift in Sources */,
			);
			runOnlyForDeploymentPostprocessing = 0;
		};
		07193E8722A9A301000F5A2C /* Sources */ = {
			isa = PBXSourcesBuildPhase;
			buildActionMask = 2147483647;
			files = (
				07193E9022A9A301000F5A2C /* DukeEventAttendanceAppUITests.swift in Sources */,
			);
			runOnlyForDeploymentPostprocessing = 0;
		};
/* End PBXSourcesBuildPhase section */

/* Begin PBXTargetDependency section */
		07193E8222A9A301000F5A2C /* PBXTargetDependency */ = {
			isa = PBXTargetDependency;
			target = 07193E6B22A9A300000F5A2C /* DukeEventAttendanceApp */;
			targetProxy = 07193E8122A9A301000F5A2C /* PBXContainerItemProxy */;
		};
		07193E8D22A9A301000F5A2C /* PBXTargetDependency */ = {
			isa = PBXTargetDependency;
			target = 07193E6B22A9A300000F5A2C /* DukeEventAttendanceApp */;
			targetProxy = 07193E8C22A9A301000F5A2C /* PBXContainerItemProxy */;
		};
/* End PBXTargetDependency section */

/* Begin PBXVariantGroup section */
		07193E7322A9A300000F5A2C /* Main.storyboard */ = {
			isa = PBXVariantGroup;
			children = (
				07193E7422A9A300000F5A2C /* Base */,
			);
			name = Main.storyboard;
			sourceTree = "<group>";
		};
		07193E7822A9A301000F5A2C /* LaunchScreen.storyboard */ = {
			isa = PBXVariantGroup;
			children = (
				07193E7922A9A301000F5A2C /* Base */,
			);
			name = LaunchScreen.storyboard;
			sourceTree = "<group>";
		};
/* End PBXVariantGroup section */

/* Begin XCBuildConfiguration section */
		07193E9222A9A301000F5A2C /* Debug */ = {
			isa = XCBuildConfiguration;
			buildSettings = {
				ALWAYS_SEARCH_USER_PATHS = NO;
				CLANG_ANALYZER_NONNULL = YES;
				CLANG_ANALYZER_NUMBER_OBJECT_CONVERSION = YES_AGGRESSIVE;
				CLANG_CXX_LANGUAGE_STANDARD = "gnu++14";
				CLANG_CXX_LIBRARY = "libc++";
				CLANG_ENABLE_MODULES = YES;
				CLANG_ENABLE_OBJC_ARC = YES;
				CLANG_ENABLE_OBJC_WEAK = YES;
				CLANG_WARN_BLOCK_CAPTURE_AUTORELEASING = YES;
				CLANG_WARN_BOOL_CONVERSION = YES;
				CLANG_WARN_COMMA = YES;
				CLANG_WARN_CONSTANT_CONVERSION = YES;
				CLANG_WARN_DEPRECATED_OBJC_IMPLEMENTATIONS = YES;
				CLANG_WARN_DIRECT_OBJC_ISA_USAGE = YES_ERROR;
				CLANG_WARN_DOCUMENTATION_COMMENTS = YES;
				CLANG_WARN_EMPTY_BODY = YES;
				CLANG_WARN_ENUM_CONVERSION = YES;
				CLANG_WARN_INFINITE_RECURSION = YES;
				CLANG_WARN_INT_CONVERSION = YES;
				CLANG_WARN_NON_LITERAL_NULL_CONVERSION = YES;
				CLANG_WARN_OBJC_IMPLICIT_RETAIN_SELF = YES;
				CLANG_WARN_OBJC_LITERAL_CONVERSION = YES;
				CLANG_WARN_OBJC_ROOT_CLASS = YES_ERROR;
				CLANG_WARN_RANGE_LOOP_ANALYSIS = YES;
				CLANG_WARN_STRICT_PROTOTYPES = YES;
				CLANG_WARN_SUSPICIOUS_MOVE = YES;
				CLANG_WARN_UNGUARDED_AVAILABILITY = YES_AGGRESSIVE;
				CLANG_WARN_UNREACHABLE_CODE = YES;
				CLANG_WARN__DUPLICATE_METHOD_MATCH = YES;
				CODE_SIGN_IDENTITY = "iPhone Developer";
				COPY_PHASE_STRIP = NO;
				DEBUG_INFORMATION_FORMAT = dwarf;
				ENABLE_STRICT_OBJC_MSGSEND = YES;
				ENABLE_TESTABILITY = YES;
				GCC_C_LANGUAGE_STANDARD = gnu11;
				GCC_DYNAMIC_NO_PIC = NO;
				GCC_NO_COMMON_BLOCKS = YES;
				GCC_OPTIMIZATION_LEVEL = 0;
				GCC_PREPROCESSOR_DEFINITIONS = (
					"DEBUG=1",
					"$(inherited)",
				);
				GCC_WARN_64_TO_32_BIT_CONVERSION = YES;
				GCC_WARN_ABOUT_RETURN_TYPE = YES_ERROR;
				GCC_WARN_UNDECLARED_SELECTOR = YES;
				GCC_WARN_UNINITIALIZED_AUTOS = YES_AGGRESSIVE;
				GCC_WARN_UNUSED_FUNCTION = YES;
				GCC_WARN_UNUSED_VARIABLE = YES;
				IPHONEOS_DEPLOYMENT_TARGET = 12.2;
				MTL_ENABLE_DEBUG_INFO = INCLUDE_SOURCE;
				MTL_FAST_MATH = YES;
				ONLY_ACTIVE_ARCH = YES;
				SDKROOT = iphoneos;
				SWIFT_ACTIVE_COMPILATION_CONDITIONS = DEBUG;
				SWIFT_OPTIMIZATION_LEVEL = "-Onone";
			};
			name = Debug;
		};
		07193E9322A9A301000F5A2C /* Release */ = {
			isa = XCBuildConfiguration;
			buildSettings = {
				ALWAYS_SEARCH_USER_PATHS = NO;
				CLANG_ANALYZER_NONNULL = YES;
				CLANG_ANALYZER_NUMBER_OBJECT_CONVERSION = YES_AGGRESSIVE;
				CLANG_CXX_LANGUAGE_STANDARD = "gnu++14";
				CLANG_CXX_LIBRARY = "libc++";
				CLANG_ENABLE_MODULES = YES;
				CLANG_ENABLE_OBJC_ARC = YES;
				CLANG_ENABLE_OBJC_WEAK = YES;
				CLANG_WARN_BLOCK_CAPTURE_AUTORELEASING = YES;
				CLANG_WARN_BOOL_CONVERSION = YES;
				CLANG_WARN_COMMA = YES;
				CLANG_WARN_CONSTANT_CONVERSION = YES;
				CLANG_WARN_DEPRECATED_OBJC_IMPLEMENTATIONS = YES;
				CLANG_WARN_DIRECT_OBJC_ISA_USAGE = YES_ERROR;
				CLANG_WARN_DOCUMENTATION_COMMENTS = YES;
				CLANG_WARN_EMPTY_BODY = YES;
				CLANG_WARN_ENUM_CONVERSION = YES;
				CLANG_WARN_INFINITE_RECURSION = YES;
				CLANG_WARN_INT_CONVERSION = YES;
				CLANG_WARN_NON_LITERAL_NULL_CONVERSION = YES;
				CLANG_WARN_OBJC_IMPLICIT_RETAIN_SELF = YES;
				CLANG_WARN_OBJC_LITERAL_CONVERSION = YES;
				CLANG_WARN_OBJC_ROOT_CLASS = YES_ERROR;
				CLANG_WARN_RANGE_LOOP_ANALYSIS = YES;
				CLANG_WARN_STRICT_PROTOTYPES = YES;
				CLANG_WARN_SUSPICIOUS_MOVE = YES;
				CLANG_WARN_UNGUARDED_AVAILABILITY = YES_AGGRESSIVE;
				CLANG_WARN_UNREACHABLE_CODE = YES;
				CLANG_WARN__DUPLICATE_METHOD_MATCH = YES;
				CODE_SIGN_IDENTITY = "iPhone Developer";
				COPY_PHASE_STRIP = NO;
				DEBUG_INFORMATION_FORMAT = "dwarf-with-dsym";
				ENABLE_NS_ASSERTIONS = NO;
				ENABLE_STRICT_OBJC_MSGSEND = YES;
				GCC_C_LANGUAGE_STANDARD = gnu11;
				GCC_NO_COMMON_BLOCKS = YES;
				GCC_WARN_64_TO_32_BIT_CONVERSION = YES;
				GCC_WARN_ABOUT_RETURN_TYPE = YES_ERROR;
				GCC_WARN_UNDECLARED_SELECTOR = YES;
				GCC_WARN_UNINITIALIZED_AUTOS = YES_AGGRESSIVE;
				GCC_WARN_UNUSED_FUNCTION = YES;
				GCC_WARN_UNUSED_VARIABLE = YES;
				IPHONEOS_DEPLOYMENT_TARGET = 12.2;
				MTL_ENABLE_DEBUG_INFO = NO;
				MTL_FAST_MATH = YES;
				SDKROOT = iphoneos;
				SWIFT_COMPILATION_MODE = wholemodule;
				SWIFT_OPTIMIZATION_LEVEL = "-O";
				VALIDATE_PRODUCT = YES;
			};
			name = Release;
		};
		07193E9522A9A301000F5A2C /* Debug */ = {
			isa = XCBuildConfiguration;
			buildSettings = {
				ASSETCATALOG_COMPILER_APPICON_NAME = AppIcon;
				CODE_SIGN_STYLE = Automatic;
				INFOPLIST_FILE = DukeEventAttendanceApp/Info.plist;
				LD_RUNPATH_SEARCH_PATHS = (
					"$(inherited)",
					"@executable_path/Frameworks",
				);
				PRODUCT_BUNDLE_IDENTIFIER = edu.duke.DukeEventAttendanceApp;
				PRODUCT_NAME = "$(TARGET_NAME)";
				SWIFT_VERSION = 5.0;
				TARGETED_DEVICE_FAMILY = "1,2";
			};
			name = Debug;
		};
		07193E9622A9A301000F5A2C /* Release */ = {
			isa = XCBuildConfiguration;
			buildSettings = {
				ASSETCATALOG_COMPILER_APPICON_NAME = AppIcon;
				CODE_SIGN_STYLE = Automatic;
				INFOPLIST_FILE = DukeEventAttendanceApp/Info.plist;
				LD_RUNPATH_SEARCH_PATHS = (
					"$(inherited)",
					"@executable_path/Frameworks",
				);
				PRODUCT_BUNDLE_IDENTIFIER = edu.duke.DukeEventAttendanceApp;
				PRODUCT_NAME = "$(TARGET_NAME)";
				SWIFT_VERSION = 5.0;
				TARGETED_DEVICE_FAMILY = "1,2";
			};
			name = Release;
		};
		07193E9822A9A301000F5A2C /* Debug */ = {
			isa = XCBuildConfiguration;
			buildSettings = {
				ALWAYS_EMBED_SWIFT_STANDARD_LIBRARIES = YES;
				BUNDLE_LOADER = "$(TEST_HOST)";
				CODE_SIGN_STYLE = Automatic;
				INFOPLIST_FILE = DukeEventAttendanceAppTests/Info.plist;
				LD_RUNPATH_SEARCH_PATHS = (
					"$(inherited)",
					"@executable_path/Frameworks",
					"@loader_path/Frameworks",
				);
				PRODUCT_BUNDLE_IDENTIFIER = edu.duke.DukeEventAttendanceAppTests;
				PRODUCT_NAME = "$(TARGET_NAME)";
				SWIFT_VERSION = 5.0;
				TARGETED_DEVICE_FAMILY = "1,2";
				TEST_HOST = "$(BUILT_PRODUCTS_DIR)/DukeEventAttendanceApp.app/DukeEventAttendanceApp";
			};
			name = Debug;
		};
		07193E9922A9A301000F5A2C /* Release */ = {
			isa = XCBuildConfiguration;
			buildSettings = {
				ALWAYS_EMBED_SWIFT_STANDARD_LIBRARIES = YES;
				BUNDLE_LOADER = "$(TEST_HOST)";
				CODE_SIGN_STYLE = Automatic;
				INFOPLIST_FILE = DukeEventAttendanceAppTests/Info.plist;
				LD_RUNPATH_SEARCH_PATHS = (
					"$(inherited)",
					"@executable_path/Frameworks",
					"@loader_path/Frameworks",
				);
				PRODUCT_BUNDLE_IDENTIFIER = edu.duke.DukeEventAttendanceAppTests;
				PRODUCT_NAME = "$(TARGET_NAME)";
				SWIFT_VERSION = 5.0;
				TARGETED_DEVICE_FAMILY = "1,2";
				TEST_HOST = "$(BUILT_PRODUCTS_DIR)/DukeEventAttendanceApp.app/DukeEventAttendanceApp";
			};
			name = Release;
		};
		07193E9B22A9A301000F5A2C /* Debug */ = {
			isa = XCBuildConfiguration;
			buildSettings = {
				ALWAYS_EMBED_SWIFT_STANDARD_LIBRARIES = YES;
				CODE_SIGN_STYLE = Automatic;
				INFOPLIST_FILE = DukeEventAttendanceAppUITests/Info.plist;
				LD_RUNPATH_SEARCH_PATHS = (
					"$(inherited)",
					"@executable_path/Frameworks",
					"@loader_path/Frameworks",
				);
				PRODUCT_BUNDLE_IDENTIFIER = edu.duke.DukeEventAttendanceAppUITests;
				PRODUCT_NAME = "$(TARGET_NAME)";
				SWIFT_VERSION = 5.0;
				TARGETED_DEVICE_FAMILY = "1,2";
				TEST_TARGET_NAME = DukeEventAttendanceApp;
			};
			name = Debug;
		};
		07193E9C22A9A301000F5A2C /* Release */ = {
			isa = XCBuildConfiguration;
			buildSettings = {
				ALWAYS_EMBED_SWIFT_STANDARD_LIBRARIES = YES;
				CODE_SIGN_STYLE = Automatic;
				INFOPLIST_FILE = DukeEventAttendanceAppUITests/Info.plist;
				LD_RUNPATH_SEARCH_PATHS = (
					"$(inherited)",
					"@executable_path/Frameworks",
					"@loader_path/Frameworks",
				);
				PRODUCT_BUNDLE_IDENTIFIER = edu.duke.DukeEventAttendanceAppUITests;
				PRODUCT_NAME = "$(TARGET_NAME)";
				SWIFT_VERSION = 5.0;
				TARGETED_DEVICE_FAMILY = "1,2";
				TEST_TARGET_NAME = DukeEventAttendanceApp;
			};
			name = Release;
		};
/* End XCBuildConfiguration section */

/* Begin XCConfigurationList section */
		07193E6722A9A300000F5A2C /* Build configuration list for PBXProject "DukeEventAttendanceApp" */ = {
			isa = XCConfigurationList;
			buildConfigurations = (
				07193E9222A9A301000F5A2C /* Debug */,
				07193E9322A9A301000F5A2C /* Release */,
			);
			defaultConfigurationIsVisible = 0;
			defaultConfigurationName = Release;
		};
		07193E9422A9A301000F5A2C /* Build configuration list for PBXNativeTarget "DukeEventAttendanceApp" */ = {
			isa = XCConfigurationList;
			buildConfigurations = (
				07193E9522A9A301000F5A2C /* Debug */,
				07193E9622A9A301000F5A2C /* Release */,
			);
			defaultConfigurationIsVisible = 0;
			defaultConfigurationName = Release;
		};
		07193E9722A9A301000F5A2C /* Build configuration list for PBXNativeTarget "DukeEventAttendanceAppTests" */ = {
			isa = XCConfigurationList;
			buildConfigurations = (
				07193E9822A9A301000F5A2C /* Debug */,
				07193E9922A9A301000F5A2C /* Release */,
			);
			defaultConfigurationIsVisible = 0;
			defaultConfigurationName = Release;
		};
		07193E9A22A9A301000F5A2C /* Build configuration list for PBXNativeTarget "DukeEventAttendanceAppUITests" */ = {
			isa = XCConfigurationList;
			buildConfigurations = (
				07193E9B22A9A301000F5A2C /* Debug */,
				07193E9C22A9A301000F5A2C /* Release */,
			);
			defaultConfigurationIsVisible = 0;
			defaultConfigurationName = Release;
		};
/* End XCConfigurationList section */
	};
	rootObject = 07193E6422A9A300000F5A2C /* Project object */;
}
